<?xml version="1.0" encoding="utf-8"?>
<Project ToolsVersion="4.0" xmlns="http://schemas.microsoft.com/developer/msbuild/2003">
  <ItemGroup>
    <Filter Include="Source Files">
      <UniqueIdentifier>{4FC737F1-C7A5-4376-A066-2A32D752A2FF}</UniqueIdentifier>
      <Extensions>cpp;c;cc;cxx;def;odl;idl;hpj;bat;asm;asmx</Extensions>
    </Filter>
    <Filter Include="Header Files">
      <UniqueIdentifier>{93995380-89BD-4b04-88EB-625FBE52EBFB}</UniqueIdentifier>
      <Extensions>h;hpp;hxx;hm;inl;inc;xsd</Extensions>
    </Filter>
    <Filter Include="Resource Files">
      <UniqueIdentifier>{67DA6AB6-F800-4c08-8B7A-83BB121AAD01}</UniqueIdentifier>
      <Extensions>rc;ico;cur;bmp;dlg;rc2;rct;bin;rgs;gif;jpg;jpeg;jpe;resx;tiff;tif;png;wav</Extensions>
    </Filter>
  </ItemGroup>
  <ItemGroup>
    <ClCompile Include="src\AVIMediaHeader.cpp">
      <Filter>Source Files</Filter>
    </ClCompile>
    <ClCompile Include="src\AVIMediaIterator.cpp">
      <Filter>Source Files</Filter>
    </ClCompile>
    <ClCompile Include="src\RIFFHeader.cpp">
      <Filter>Source Files</Filter>
    </ClCompile>
    <ClCompile Include="src\RTCPMessage.cpp">
      <Filter>Source Files</Filter>
    </ClCompile>
    <ClCompile Include="src\RTPMessage.cpp">
      <Filter>Source Files</Filter>
    </ClCompile>
    <ClCompile Include="src\RTSPMessage.cpp">
      <Filter>Source Files</Filter>
    </ClCompile>
    <ClCompile Include="src\SDPMessage.cpp">
      <Filter>Source Files</Filter>
    </ClCompile>
    <ClCompile Include="src\MPEGHeader.cpp">
      <Filter>Source Files</Filter>
    </ClCompile>
    <ClCompile Include="src\MPEGSource.cpp">
      <Filter>Source Files</Filter>
    </ClCompile>
    <ClCompile Include="src\MPEGDescriptors.h">
      <Filter>Header Files</Filter>
    </ClCompile>
    <ClCompile Include="src\MPEGTransport.cpp">
      <Filter>Source Files</Filter>
    </ClCompile>
    <ClCompile Include="src\MPEGVideo.cpp">
      <Filter>Source Files</Filter>
    </ClCompile>
    <ClCompile Include="src\MPEGAudio.cpp">
      <Filter>Source Files</Filter>
    </ClCompile>
    <ClCompile Include="src\MPEGTable.cpp">
      <Filter>Source Files</Filter>
    </ClCompile>
    <ClCompile Include="src\MPEGStream.cpp">
      <Filter>Source Files</Filter>
    </ClCompile>
  </ItemGroup>
  <ItemGroup>
    <ClInclude Include="src\AVIMediaHeader.h">
      <Filter>Header Files</Filter>
    </ClInclude>
    <ClInclude Include="src\AVIMediaIterator.h">
      <Filter>Header Files</Filter>
    </ClInclude>
    <ClInclude Include="Include\Messages.h">
      <Filter>Header Files</Filter>
    </ClInclude>
    <ClInclude Include="src\Module.h">
      <Filter>Header Files</Filter>
    </ClInclude>
    <ClInclude Include="src\RIFFHeader.h">
      <Filter>Header Files</Filter>
    </ClInclude>
    <ClInclude Include="src\RTCPMessage.h">
      <Filter>Header Files</Filter>
    </ClInclude>
    <ClInclude Include="src\RTPMessage.h">
      <Filter>Header Files</Filter>
    </ClInclude>
    <ClInclude Include="src\RTSPMessage.h">
      <Filter>Header Files</Filter>
    </ClInclude>
    <ClInclude Include="src\SDPMessage.h">
      <Filter>Header Files</Filter>
    </ClInclude>
    <ClInclude Include="src\MPEGHeader.h">
      <Filter>Header Files</Filter>
    </ClInclude>
    <ClInclude Include="src\MPEGTransportPackage.h">
      <Filter>Header Files</Filter>
    </ClInclude>
    <ClInclude Include="src\MPEGTable.h">
      <Filter>Header Files</Filter>
    </ClInclude>
    <ClInclude Include="src\MPEGSection.h">
      <Filter>Header Files</Filter>
    </ClInclude>
    <ClInclude Include="src\MPEGAssembler.h">
      <Filter>Header Files</Filter>
    </ClInclude>
    <ClInclude Include="src\DVBTable.h">
      <Filter>Header Files</Filter>
    </ClInclude>
    <ClInclude Include="src\MPEGTransport.h">
      <Filter>Header Files</Filter>
    </ClInclude>
    <ClInclude Include="src\MPEGVideo.h">
      <Filter>Header Files</Filter>
    </ClInclude>
    <ClInclude Include="src\MPEGAudio.h">
      <Filter>Header Files</Filter>
    </ClInclude>
    <ClInclude Include="src\MPEGSource.h">
      <Filter>Header Files</Filter>
    </ClInclude>
    <ClInclude Include="src\MPEGStream.h">
      <Filter>Header Files</Filter>
    </ClInclude>
  </ItemGroup>
</Project>